
Microsoft Visual Studio Solution File, Format Version 12.00
# Visual Studio 15
Project("{FAE04EC0-301F-11D3-BF4B-00C04F79EFBC}") = "UrlShortener", "src\UrlShortener\UrlShortener.csproj", "{33753B14-9FD8-4F5B-9F14-9470AE3A15F5}"
EndProject
Project("{FAE04EC0-301F-11D3-BF4B-00C04F79EFBC}") = "UrlShortener.Tests", "test\UrlShortener.Tests\UrlShortener.Tests.csproj", "{EAA63304-913F-41E7-AB1A-81104E4680AD}"
EndProject
Global
	GlobalSection(SolutionConfigurationPlatforms) = preSolution
		Debug|Any CPU = Debug|Any CPU
		Release|Any CPU = Release|Any CPU
	EndGlobalSection
	GlobalSection(ProjectConfigurationPlatforms) = postSolution
		{33753B14-9FD8-4F5B-9F14-9470AE3A15F5}.Debug|Any CPU.ActiveCfg = Debug|Any CPU
		{33753B14-9FD8-4F5B-9F14-9470AE3A15F5}.Debug|Any CPU.Build.0 = Debug|Any CPU
		{33753B14-9FD8-4F5B-9F14-9470AE3A15F5}.Release|Any CPU.ActiveCfg = Release|Any CPU
		{33753B14-9FD8-4F5B-9F14-9470AE3A15F5}.Release|Any CPU.Build.0 = Release|Any CPU
		{EAA63304-913F-41E7-AB1A-81104E4680AD}.Debug|Any CPU.ActiveCfg = Debug|Any CPU
		{EAA63304-913F-41E7-AB1A-81104E4680AD}.Debug|Any CPU.Build.0 = Debug|Any CPU
		{EAA63304-913F-41E7-AB1A-81104E4680AD}.Release|Any CPU.ActiveCfg = Release|Any CPU
		{EAA63304-913F-41E7-AB1A-81104E4680AD}.Release|Any CPU.Build.0 = Release|Any CPU
	EndGlobalSection
EndGlobal
